
Microsoft Visual Studio Solution File, Format Version 12.00
# Visual Studio Version 17
VisualStudioVersion = 17.0.31903.59
MinimumVisualStudioVersion = 10.0.40219.1
Project("{FAE04EC0-301F-11D3-BF4B-00C04F79EFBC}") = "WebApplication6", "WebApplication6\WebApplication6.csproj", "{997AD09B-E58E-4B6A-A1EB-EF4CF65E4F0C}"
EndProject
Global
	GlobalSection(SolutionConfigurationPlatforms) = preSolution
		Debug|Any CPU = Debug|Any CPU
		Release|Any CPU = Release|Any CPU
	EndGlobalSection
	GlobalSection(ProjectConfigurationPlatforms) = postSolution
		{997AD09B-E58E-4B6A-A1EB-EF4CF65E4F0C}.Debug|Any CPU.ActiveCfg = Debug|Any CPU
		{997AD09B-E58E-4B6A-A1EB-EF4CF65E4F0C}.Debug|Any CPU.Build.0 = Debug|Any CPU
		{997AD09B-E58E-4B6A-A1EB-EF4CF65E4F0C}.Release|Any CPU.ActiveCfg = Release|Any CPU
		{997AD09B-E58E-4B6A-A1EB-EF4CF65E4F0C}.Release|Any CPU.Build.0 = Release|Any CPU
	EndGlobalSection
	GlobalSection(SolutionProperties) = preSolution
		HideSolutionNode = FALSE
	EndGlobalSection
	GlobalSection(ExtensibilityGlobals) = postSolution
		SolutionGuid = {7C01FC37-6489-4A9F-8A4B-C77543F80A77}
	EndGlobalSection
EndGlobal
